
Microsoft Visual Studio Solution File, Format Version 12.00
# Visual Studio 15
VisualStudioVersion = 15.0.28307.1062
MinimumVisualStudioVersion = 10.0.40219.1
Project("{FAE04EC0-301F-11D3-BF4B-00C04F79EFBC}") = "SocketCommon", "SocketCommon.csproj", "{BAB39A32-D677-407A-BA91-F2549955C913}"
EndProject
Global
	GlobalSection(SolutionConfigurationPlatforms) = preSolution
		Debug|Any CPU = Debug|Any CPU
		Release|Any CPU = Release|Any CPU
	EndGlobalSection
	GlobalSection(ProjectConfigurationPlatforms) = postSolution
		{BAB39A32-D677-407A-BA91-F2549955C913}.Debug|Any CPU.ActiveCfg = Debug|Any CPU
		{BAB39A32-D677-407A-BA91-F2549955C913}.Debug|Any CPU.Build.0 = Debug|Any CPU
		{BAB39A32-D677-407A-BA91-F2549955C913}.Release|Any CPU.ActiveCfg = Release|Any CPU
		{BAB39A32-D677-407A-BA91-F2549955C913}.Release|Any CPU.Build.0 = Release|Any CPU
	EndGlobalSection
	GlobalSection(SolutionProperties) = preSolution
		HideSolutionNode = FALSE
	EndGlobalSection
	GlobalSection(ExtensibilityGlobals) = postSolution
		SolutionGuid = {C63328A7-BA91-4601-B846-359595BAF6A6}
	EndGlobalSection
EndGlobal
